// !$*UTF8*$!
{
	archiveVersion = 1;
	classes = {
	};
	objectVersion = 50;
	objects = {

/* Begin PBXBuildFile section */
		644B0534250398C600DF9DCA /* AppDelegate.swift in Sources */ = {isa = PBXBuildFile; fileRef = 644B0533250398C600DF9DCA /* AppDelegate.swift */; };
		644B0536250398C600DF9DCA /* SceneDelegate.swift in Sources */ = {isa = PBXBuildFile; fileRef = 644B0535250398C600DF9DCA /* SceneDelegate.swift */; };
		644B0538250398C600DF9DCA /* ViewController.swift in Sources */ = {isa = PBXBuildFile; fileRef = 644B0537250398C600DF9DCA /* ViewController.swift */; };
		644B053B250398C600DF9DCA /* Main.storyboard in Resources */ = {isa = PBXBuildFile; fileRef = 644B0539250398C600DF9DCA /* Main.storyboard */; };
		644B053D250398C900DF9DCA /* Assets.xcassets in Resources */ = {isa = PBXBuildFile; fileRef = 644B053C250398C900DF9DCA /* Assets.xcassets */; };
		644B0540250398C900DF9DCA /* LaunchScreen.storyboard in Resources */ = {isa = PBXBuildFile; fileRef = 644B053E250398C900DF9DCA /* LaunchScreen.storyboard */; };
		644B054B250398CA00DF9DCA /* SharingWithOtherAppsTests.swift in Sources */ = {isa = PBXBuildFile; fileRef = 644B054A250398CA00DF9DCA /* SharingWithOtherAppsTests.swift */; };
		644B0556250398CA00DF9DCA /* SharingWithOtherAppsUITests.swift in Sources */ = {isa = PBXBuildFile; fileRef = 644B0555250398CA00DF9DCA /* SharingWithOtherAppsUITests.swift */; };
/* End PBXBuildFile section */

/* Begin PBXContainerItemProxy section */
		644B0547250398CA00DF9DCA /* PBXContainerItemProxy */ = {
			isa = PBXContainerItemProxy;
			containerPortal = 644B0528250398C600DF9DCA /* Project object */;
			proxyType = 1;
			remoteGlobalIDString = 644B052F250398C600DF9DCA;
			remoteInfo = SharingWithOtherApps;
		};
		644B0552250398CA00DF9DCA /* PBXContainerItemProxy */ = {
			isa = PBXContainerItemProxy;
			containerPortal = 644B0528250398C600DF9DCA /* Project object */;
			proxyType = 1;
			remoteGlobalIDString = 644B052F250398C600DF9DCA;
			remoteInfo = SharingWithOtherApps;
		};
/* End PBXContainerItemProxy section */

/* Begin PBXFileReference section */
		644B0530250398C600DF9DCA /* SharingWithOtherApps.app */ = {isa = PBXFileReference; explicitFileType = wrapper.application; includeInIndex = 0; path = SharingWithOtherApps.app; sourceTree = BUILT_PRODUCTS_DIR; };
		644B0533250398C600DF9DCA /* AppDelegate.swift */ = {isa = PBXFileReference; lastKnownFileType = sourcecode.swift; path = AppDelegate.swift; sourceTree = "<group>"; };
		644B0535250398C600DF9DCA /* SceneDelegate.swift */ = {isa = PBXFileReference; lastKnownFileType = sourcecode.swift; path = SceneDelegate.swift; sourceTree = "<group>"; };
		644B0537250398C600DF9DCA /* ViewController.swift */ = {isa = PBXFileReference; lastKnownFileType = sourcecode.swift; path = ViewController.swift; sourceTree = "<group>"; };
		644B053A250398C600DF9DCA /* Base */ = {isa = PBXFileReference; lastKnownFileType = file.storyboard; name = Base; path = Base.lproj/Main.storyboard; sourceTree = "<group>"; };
		644B053C250398C900DF9DCA /* Assets.xcassets */ = {isa = PBXFileReference; lastKnownFileType = folder.assetcatalog; path = Assets.xcassets; sourceTree = "<group>"; };
		644B053F250398C900DF9DCA /* Base */ = {isa = PBXFileReference; lastKnownFileType = file.storyboard; name = Base; path = Base.lproj/LaunchScreen.storyboard; sourceTree = "<group>"; };
		644B0541250398C900DF9DCA /* Info.plist */ = {isa = PBXFileReference; lastKnownFileType = text.plist.xml; path = Info.plist; sourceTree = "<group>"; };
		644B0546250398CA00DF9DCA /* SharingWithOtherAppsTests.xctest */ = {isa = PBXFileReference; explicitFileType = wrapper.cfbundle; includeInIndex = 0; path = SharingWithOtherAppsTests.xctest; sourceTree = BUILT_PRODUCTS_DIR; };
		644B054A250398CA00DF9DCA /* SharingWithOtherAppsTests.swift */ = {isa = PBXFileReference; lastKnownFileType = sourcecode.swift; path = SharingWithOtherAppsTests.swift; sourceTree = "<group>"; };
		644B054C250398CA00DF9DCA /* Info.plist */ = {isa = PBXFileReference; lastKnownFileType = text.plist.xml; path = Info.plist; sourceTree = "<group>"; };
		644B0551250398CA00DF9DCA /* SharingWithOtherAppsUITests.xctest */ = {isa = PBXFileReference; explicitFileType = wrapper.cfbundle; includeInIndex = 0; path = SharingWithOtherAppsUITests.xctest; sourceTree = BUILT_PRODUCTS_DIR; };
		644B0555250398CA00DF9DCA /* SharingWithOtherAppsUITests.swift */ = {isa = PBXFileReference; lastKnownFileType = sourcecode.swift; path = SharingWithOtherAppsUITests.swift; sourceTree = "<group>"; };
		644B0557250398CA00DF9DCA /* Info.plist */ = {isa = PBXFileReference; lastKnownFileType = text.plist.xml; path = Info.plist; sourceTree = "<group>"; };
/* End PBXFileReference section */

/* Begin PBXFrameworksBuildPhase section */
		644B052D250398C600DF9DCA /* Frameworks */ = {
			isa = PBXFrameworksBuildPhase;
			buildActionMask = 2147483647;
			files = (
			);
			runOnlyForDeploymentPostprocessing = 0;
		};
		644B0543250398CA00DF9DCA /* Frameworks */ = {
			isa = PBXFrameworksBuildPhase;
			buildActionMask = 2147483647;
			files = (
			);
			runOnlyForDeploymentPostprocessing = 0;
		};
		644B054E250398CA00DF9DCA /* Frameworks */ = {
			isa = PBXFrameworksBuildPhase;
			buildActionMask = 2147483647;
			files = (
			);
			runOnlyForDeploymentPostprocessing = 0;
		};
/* End PBXFrameworksBuildPhase section */

/* Begin PBXGroup section */
		644B0527250398C600DF9DCA = {
			isa = PBXGroup;
			children = (
				644B0532250398C600DF9DCA /* SharingWithOtherApps */,
				644B0549250398CA00DF9DCA /* SharingWithOtherAppsTests */,
				644B0554250398CA00DF9DCA /* SharingWithOtherAppsUITests */,
				644B0531250398C600DF9DCA /* Products */,
			);
			sourceTree = "<group>";
		};
		644B0531250398C600DF9DCA /* Products */ = {
			isa = PBXGroup;
			children = (
				644B0530250398C600DF9DCA /* SharingWithOtherApps.app */,
				644B0546250398CA00DF9DCA /* SharingWithOtherAppsTests.xctest */,
				644B0551250398CA00DF9DCA /* SharingWithOtherAppsUITests.xctest */,
			);
			name = Products;
			sourceTree = "<group>";
		};
		644B0532250398C600DF9DCA /* SharingWithOtherApps */ = {
			isa = PBXGroup;
			children = (
				644B0533250398C600DF9DCA /* AppDelegate.swift */,
				644B0535250398C600DF9DCA /* SceneDelegate.swift */,
				644B0537250398C600DF9DCA /* ViewController.swift */,
				644B0539250398C600DF9DCA /* Main.storyboard */,
				644B053C250398C900DF9DCA /* Assets.xcassets */,
				644B053E250398C900DF9DCA /* LaunchScreen.storyboard */,
				644B0541250398C900DF9DCA /* Info.plist */,
			);
			path = SharingWithOtherApps;
			sourceTree = "<group>";
		};
		644B0549250398CA00DF9DCA /* SharingWithOtherAppsTests */ = {
			isa = PBXGroup;
			children = (
				644B054A250398CA00DF9DCA /* SharingWithOtherAppsTests.swift */,
				644B054C250398CA00DF9DCA /* Info.plist */,
			);
			path = SharingWithOtherAppsTests;
			sourceTree = "<group>";
		};
		644B0554250398CA00DF9DCA /* SharingWithOtherAppsUITests */ = {
			isa = PBXGroup;
			children = (
				644B0555250398CA00DF9DCA /* SharingWithOtherAppsUITests.swift */,
				644B0557250398CA00DF9DCA /* Info.plist */,
			);
			path = SharingWithOtherAppsUITests;
			sourceTree = "<group>";
		};
/* End PBXGroup section */

/* Begin PBXNativeTarget section */
		644B052F250398C600DF9DCA /* SharingWithOtherApps */ = {
			isa = PBXNativeTarget;
			buildConfigurationList = 644B055A250398CA00DF9DCA /* Build configuration list for PBXNativeTarget "SharingWithOtherApps" */;
			buildPhases = (
				644B052C250398C600DF9DCA /* Sources */,
				644B052D250398C600DF9DCA /* Frameworks */,
				644B052E250398C600DF9DCA /* Resources */,
			);
			buildRules = (
			);
			dependencies = (
			);
			name = SharingWithOtherApps;
			productName = SharingWithOtherApps;
			productReference = 644B0530250398C600DF9DCA /* SharingWithOtherApps.app */;
			productType = "com.apple.product-type.application";
		};
		644B0545250398CA00DF9DCA /* SharingWithOtherAppsTests */ = {
			isa = PBXNativeTarget;
			buildConfigurationList = 644B055D250398CA00DF9DCA /* Build configuration list for PBXNativeTarget "SharingWithOtherAppsTests" */;
			buildPhases = (
				644B0542250398CA00DF9DCA /* Sources */,
				644B0543250398CA00DF9DCA /* Frameworks */,
				644B0544250398CA00DF9DCA /* Resources */,
			);
			buildRules = (
			);
			dependencies = (
				644B0548250398CA00DF9DCA /* PBXTargetDependency */,
			);
			name = SharingWithOtherAppsTests;
			productName = SharingWithOtherAppsTests;
			productReference = 644B0546250398CA00DF9DCA /* SharingWithOtherAppsTests.xctest */;
			productType = "com.apple.product-type.bundle.unit-test";
		};
		644B0550250398CA00DF9DCA /* SharingWithOtherAppsUITests */ = {
			isa = PBXNativeTarget;
			buildConfigurationList = 644B0560250398CA00DF9DCA /* Build configuration list for PBXNativeTarget "SharingWithOtherAppsUITests" */;
			buildPhases = (
				644B054D250398CA00DF9DCA /* Sources */,
				644B054E250398CA00DF9DCA /* Frameworks */,
				644B054F250398CA00DF9DCA /* Resources */,
			);
			buildRules = (
			);
			dependencies = (
				644B0553250398CA00DF9DCA /* PBXTargetDependency */,
			);
			name = SharingWithOtherAppsUITests;
			productName = SharingWithOtherAppsUITests;
			productReference = 644B0551250398CA00DF9DCA /* SharingWithOtherAppsUITests.xctest */;
			productType = "com.apple.product-type.bundle.ui-testing";
		};
/* End PBXNativeTarget section */

/* Begin PBXProject section */
		644B0528250398C600DF9DCA /* Project object */ = {
			isa = PBXProject;
			attributes = {
				LastSwiftUpdateCheck = 1170;
				LastUpgradeCheck = 1170;
				ORGANIZATIONNAME = mkilmer;
				TargetAttributes = {
					644B052F250398C600DF9DCA = {
						CreatedOnToolsVersion = 11.7;
					};
					644B0545250398CA00DF9DCA = {
						CreatedOnToolsVersion = 11.7;
						TestTargetID = 644B052F250398C600DF9DCA;
					};
					644B0550250398CA00DF9DCA = {
						CreatedOnToolsVersion = 11.7;
						TestTargetID = 644B052F250398C600DF9DCA;
					};
				};
			};
			buildConfigurationList = 644B052B250398C600DF9DCA /* Build configuration list for PBXProject "SharingWithOtherApps" */;
			compatibilityVersion = "Xcode 9.3";
			developmentRegion = en;
			hasScannedForEncodings = 0;
			knownRegions = (
				en,
				Base,
			);
			mainGroup = 644B0527250398C600DF9DCA;
			productRefGroup = 644B0531250398C600DF9DCA /* Products */;
			projectDirPath = "";
			projectRoot = "";
			targets = (
				644B052F250398C600DF9DCA /* SharingWithOtherApps */,
				644B0545250398CA00DF9DCA /* SharingWithOtherAppsTests */,
				644B0550250398CA00DF9DCA /* SharingWithOtherAppsUITests */,
			);
		};
/* End PBXProject section */

/* Begin PBXResourcesBuildPhase section */
		644B052E250398C600DF9DCA /* Resources */ = {
			isa = PBXResourcesBuildPhase;
			buildActionMask = 2147483647;
			files = (
				644B0540250398C900DF9DCA /* LaunchScreen.storyboard in Resources */,
				644B053D250398C900DF9DCA /* Assets.xcassets in Resources */,
				644B053B250398C600DF9DCA /* Main.storyboard in Resources */,
			);
			runOnlyForDeploymentPostprocessing = 0;
		};
		644B0544250398CA00DF9DCA /* Resources */ = {
			isa = PBXResourcesBuildPhase;
			buildActionMask = 2147483647;
			files = (
			);
			runOnlyForDeploymentPostprocessing = 0;
		};
		644B054F250398CA00DF9DCA /* Resources */ = {
			isa = PBXResourcesBuildPhase;
			buildActionMask = 2147483647;
			files = (
			);
			runOnlyForDeploymentPostprocessing = 0;
		};
/* End PBXResourcesBuildPhase section */

/* Begin PBXSourcesBuildPhase section */
		644B052C250398C600DF9DCA /* Sources */ = {
			isa = PBXSourcesBuildPhase;
			buildActionMask = 2147483647;
			files = (
				644B0538250398C600DF9DCA /* ViewController.swift in Sources */,
				644B0534250398C600DF9DCA /* AppDelegate.swift in Sources */,
				644B0536250398C600DF9DCA /* SceneDelegate.swift in Sources */,
			);
			runOnlyForDeploymentPostprocessing = 0;
		};
		644B0542250398CA00DF9DCA /* Sources */ = {
			isa = PBXSourcesBuildPhase;
			buildActionMask = 2147483647;
			files = (
				644B054B250398CA00DF9DCA /* SharingWithOtherAppsTests.swift in Sources */,
			);
			runOnlyForDeploymentPostprocessing = 0;
		};
		644B054D250398CA00DF9DCA /* Sources */ = {
			isa = PBXSourcesBuildPhase;
			buildActionMask = 2147483647;
			files = (
				644B0556250398CA00DF9DCA /* SharingWithOtherAppsUITests.swift in Sources */,
			);
			runOnlyForDeploymentPostprocessing = 0;
		};
/* End PBXSourcesBuildPhase section */

/* Begin PBXTargetDependency section */
		644B0548250398CA00DF9DCA /* PBXTargetDependency */ = {
			isa = PBXTargetDependency;
			target = 644B052F250398C600DF9DCA /* SharingWithOtherApps */;
			targetProxy = 644B0547250398CA00DF9DCA /* PBXContainerItemProxy */;
		};
		644B0553250398CA00DF9DCA /* PBXTargetDependency */ = {
			isa = PBXTargetDependency;
			target = 644B052F250398C600DF9DCA /* SharingWithOtherApps */;
			targetProxy = 644B0552250398CA00DF9DCA /* PBXContainerItemProxy */;
		};
/* End PBXTargetDependency section */

/* Begin PBXVariantGroup section */
		644B0539250398C600DF9DCA /* Main.storyboard */ = {
			isa = PBXVariantGroup;
			children = (
				644B053A250398C600DF9DCA /* Base */,
			);
			name = Main.storyboard;
			sourceTree = "<group>";
		};
		644B053E250398C900DF9DCA /* LaunchScreen.storyboard */ = {
			isa = PBXVariantGroup;
			children = (
				644B053F250398C900DF9DCA /* Base */,
			);
			name = LaunchScreen.storyboard;
			sourceTree = "<group>";
		};
/* End PBXVariantGroup section */

/* Begin XCBuildConfiguration section */
		644B0558250398CA00DF9DCA /* Debug */ = {
			isa = XCBuildConfiguration;
			buildSettings = {
				ALWAYS_SEARCH_USER_PATHS = NO;
				CLANG_ANALYZER_NONNULL = YES;
				CLANG_ANALYZER_NUMBER_OBJECT_CONVERSION = YES_AGGRESSIVE;
				CLANG_CXX_LANGUAGE_STANDARD = "gnu++14";
				CLANG_CXX_LIBRARY = "libc++";
				CLANG_ENABLE_MODULES = YES;
				CLANG_ENABLE_OBJC_ARC = YES;
				CLANG_ENABLE_OBJC_WEAK = YES;
				CLANG_WARN_BLOCK_CAPTURE_AUTORELEASING = YES;
				CLANG_WARN_BOOL_CONVERSION = YES;
				CLANG_WARN_COMMA = YES;
				CLANG_WARN_CONSTANT_CONVERSION = YES;
				CLANG_WARN_DEPRECATED_OBJC_IMPLEMENTATIONS = YES;
				CLANG_WARN_DIRECT_OBJC_ISA_USAGE = YES_ERROR;
				CLANG_WARN_DOCUMENTATION_COMMENTS = YES;
				CLANG_WARN_EMPTY_BODY = YES;
				CLANG_WARN_ENUM_CONVERSION = YES;
				CLANG_WARN_INFINITE_RECURSION = YES;
				CLANG_WARN_INT_CONVERSION = YES;
				CLANG_WARN_NON_LITERAL_NULL_CONVERSION = YES;
				CLANG_WARN_OBJC_IMPLICIT_RETAIN_SELF = YES;
				CLANG_WARN_OBJC_LITERAL_CONVERSION = YES;
				CLANG_WARN_OBJC_ROOT_CLASS = YES_ERROR;
				CLANG_WARN_RANGE_LOOP_ANALYSIS = YES;
				CLANG_WARN_STRICT_PROTOTYPES = YES;
				CLANG_WARN_SUSPICIOUS_MOVE = YES;
				CLANG_WARN_UNGUARDED_AVAILABILITY = YES_AGGRESSIVE;
				CLANG_WARN_UNREACHABLE_CODE = YES;
				CLANG_WARN__DUPLICATE_METHOD_MATCH = YES;
				COPY_PHASE_STRIP = NO;
				DEBUG_INFORMATION_FORMAT = dwarf;
				ENABLE_STRICT_OBJC_MSGSEND = YES;
				ENABLE_TESTABILITY = YES;
				GCC_C_LANGUAGE_STANDARD = gnu11;
				GCC_DYNAMIC_NO_PIC = NO;
				GCC_NO_COMMON_BLOCKS = YES;
				GCC_OPTIMIZATION_LEVEL = 0;
				GCC_PREPROCESSOR_DEFINITIONS = (
					"DEBUG=1",
					"$(inherited)",
				);
				GCC_WARN_64_TO_32_BIT_CONVERSION = YES;
				GCC_WARN_ABOUT_RETURN_TYPE = YES_ERROR;
				GCC_WARN_UNDECLARED_SELECTOR = YES;
				GCC_WARN_UNINITIALIZED_AUTOS = YES_AGGRESSIVE;
				GCC_WARN_UNUSED_FUNCTION = YES;
				GCC_WARN_UNUSED_VARIABLE = YES;
				IPHONEOS_DEPLOYMENT_TARGET = 13.7;
				MTL_ENABLE_DEBUG_INFO = INCLUDE_SOURCE;
				MTL_FAST_MATH = YES;
				ONLY_ACTIVE_ARCH = YES;
				SDKROOT = iphoneos;
				SWIFT_ACTIVE_COMPILATION_CONDITIONS = DEBUG;
				SWIFT_OPTIMIZATION_LEVEL = "-Onone";
			};
			name = Debug;
		};
		644B0559250398CA00DF9DCA /* Release */ = {
			isa = XCBuildConfiguration;
			buildSettings = {
				ALWAYS_SEARCH_USER_PATHS = NO;
				CLANG_ANALYZER_NONNULL = YES;
				CLANG_ANALYZER_NUMBER_OBJECT_CONVERSION = YES_AGGRESSIVE;
				CLANG_CXX_LANGUAGE_STANDARD = "gnu++14";
				CLANG_CXX_LIBRARY = "libc++";
				CLANG_ENABLE_MODULES = YES;
				CLANG_ENABLE_OBJC_ARC = YES;
				CLANG_ENABLE_OBJC_WEAK = YES;
				CLANG_WARN_BLOCK_CAPTURE_AUTORELEASING = YES;
				CLANG_WARN_BOOL_CONVERSION = YES;
				CLANG_WARN_COMMA = YES;
				CLANG_WARN_CONSTANT_CONVERSION = YES;
				CLANG_WARN_DEPRECATED_OBJC_IMPLEMENTATIONS = YES;
				CLANG_WARN_DIRECT_OBJC_ISA_USAGE = YES_ERROR;
				CLANG_WARN_DOCUMENTATION_COMMENTS = YES;
				CLANG_WARN_EMPTY_BODY = YES;
				CLANG_WARN_ENUM_CONVERSION = YES;
				CLANG_WARN_INFINITE_RECURSION = YES;
				CLANG_WARN_INT_CONVERSION = YES;
				CLANG_WARN_NON_LITERAL_NULL_CONVERSION = YES;
				CLANG_WARN_OBJC_IMPLICIT_RETAIN_SELF = YES;
				CLANG_WARN_OBJC_LITERAL_CONVERSION = YES;
				CLANG_WARN_OBJC_ROOT_CLASS = YES_ERROR;
				CLANG_WARN_RANGE_LOOP_ANALYSIS = YES;
				CLANG_WARN_STRICT_PROTOTYPES = YES;
				CLANG_WARN_SUSPICIOUS_MOVE = YES;
				CLANG_WARN_UNGUARDED_AVAILABILITY = YES_AGGRESSIVE;
				CLANG_WARN_UNREACHABLE_CODE = YES;
				CLANG_WARN__DUPLICATE_METHOD_MATCH = YES;
				COPY_PHASE_STRIP = NO;
				DEBUG_INFORMATION_FORMAT = "dwarf-with-dsym";
				ENABLE_NS_ASSERTIONS = NO;
				ENABLE_STRICT_OBJC_MSGSEND = YES;
				GCC_C_LANGUAGE_STANDARD = gnu11;
				GCC_NO_COMMON_BLOCKS = YES;
				GCC_WARN_64_TO_32_BIT_CONVERSION = YES;
				GCC_WARN_ABOUT_RETURN_TYPE = YES_ERROR;
				GCC_WARN_UNDECLARED_SELECTOR = YES;
				GCC_WARN_UNINITIALIZED_AUTOS = YES_AGGRESSIVE;
				GCC_WARN_UNUSED_FUNCTION = YES;
				GCC_WARN_UNUSED_VARIABLE = YES;
				IPHONEOS_DEPLOYMENT_TARGET = 13.7;
				MTL_ENABLE_DEBUG_INFO = NO;
				MTL_FAST_MATH = YES;
				SDKROOT = iphoneos;
				SWIFT_COMPILATION_MODE = wholemodule;
				SWIFT_OPTIMIZATION_LEVEL = "-O";
				VALIDATE_PRODUCT = YES;
			};
			name = Release;
		};
		644B055B250398CA00DF9DCA /* Debug */ = {
			isa = XCBuildConfiguration;
			buildSettings = {
				ASSETCATALOG_COMPILER_APPICON_NAME = AppIcon;
				CODE_SIGN_STYLE = Automatic;
				DEVELOPMENT_TEAM = JA3K44V4L9;
				INFOPLIST_FILE = SharingWithOtherApps/Info.plist;
				LD_RUNPATH_SEARCH_PATHS = (
					"$(inherited)",
					"@executable_path/Frameworks",
				);
				PRODUCT_BUNDLE_IDENTIFIER = ios.appium.SharingWithOtherApps;
				PRODUCT_NAME = "$(TARGET_NAME)";
				SWIFT_VERSION = 5.0;
				TARGETED_DEVICE_FAMILY = "1,2";
			};
			name = Debug;
		};
		644B055C250398CA00DF9DCA /* Release */ = {
			isa = XCBuildConfiguration;
			buildSettings = {
				ASSETCATALOG_COMPILER_APPICON_NAME = AppIcon;
				CODE_SIGN_STYLE = Automatic;
				DEVELOPMENT_TEAM = JA3K44V4L9;
				INFOPLIST_FILE = SharingWithOtherApps/Info.plist;
				LD_RUNPATH_SEARCH_PATHS = (
					"$(inherited)",
					"@executable_path/Frameworks",
				);
				PRODUCT_BUNDLE_IDENTIFIER = ios.appium.SharingWithOtherApps;
				PRODUCT_NAME = "$(TARGET_NAME)";
				SWIFT_VERSION = 5.0;
				TARGETED_DEVICE_FAMILY = "1,2";
			};
			name = Release;
		};
		644B055E250398CA00DF9DCA /* Debug */ = {
			isa = XCBuildConfiguration;
			buildSettings = {
				ALWAYS_EMBED_SWIFT_STANDARD_LIBRARIES = YES;
				BUNDLE_LOADER = "$(TEST_HOST)";
				CODE_SIGN_STYLE = Automatic;
				DEVELOPMENT_TEAM = JA3K44V4L9;
				INFOPLIST_FILE = SharingWithOtherAppsTests/Info.plist;
				IPHONEOS_DEPLOYMENT_TARGET = 13.7;
				LD_RUNPATH_SEARCH_PATHS = (
					"$(inherited)",
					"@executable_path/Frameworks",
					"@loader_path/Frameworks",
				);
				PRODUCT_BUNDLE_IDENTIFIER = ios.appium.SharingWithOtherAppsTests;
				PRODUCT_NAME = "$(TARGET_NAME)";
				SWIFT_VERSION = 5.0;
				TARGETED_DEVICE_FAMILY = "1,2";
				TEST_HOST = "$(BUILT_PRODUCTS_DIR)/SharingWithOtherApps.app/SharingWithOtherApps";
			};
			name = Debug;
		};
		644B055F250398CA00DF9DCA /* Release */ = {
			isa = XCBuildConfiguration;
			buildSettings = {
				ALWAYS_EMBED_SWIFT_STANDARD_LIBRARIES = YES;
				BUNDLE_LOADER = "$(TEST_HOST)";
				CODE_SIGN_STYLE = Automatic;
				DEVELOPMENT_TEAM = JA3K44V4L9;
				INFOPLIST_FILE = SharingWithOtherAppsTests/Info.plist;
				IPHONEOS_DEPLOYMENT_TARGET = 13.7;
				LD_RUNPATH_SEARCH_PATHS = (
					"$(inherited)",
					"@executable_path/Frameworks",
					"@loader_path/Frameworks",
				);
				PRODUCT_BUNDLE_IDENTIFIER = ios.appium.SharingWithOtherAppsTests;
				PRODUCT_NAME = "$(TARGET_NAME)";
				SWIFT_VERSION = 5.0;
				TARGETED_DEVICE_FAMILY = "1,2";
				TEST_HOST = "$(BUILT_PRODUCTS_DIR)/SharingWithOtherApps.app/SharingWithOtherApps";
			};
			name = Release;
		};
		644B0561250398CA00DF9DCA /* Debug */ = {
			isa = XCBuildConfiguration;
			buildSettings = {
				ALWAYS_EMBED_SWIFT_STANDARD_LIBRARIES = YES;
				CODE_SIGN_STYLE = Automatic;
				DEVELOPMENT_TEAM = JA3K44V4L9;
				INFOPLIST_FILE = SharingWithOtherAppsUITests/Info.plist;
				LD_RUNPATH_SEARCH_PATHS = (
					"$(inherited)",
					"@executable_path/Frameworks",
					"@loader_path/Frameworks",
				);
				PRODUCT_BUNDLE_IDENTIFIER = ios.appium.SharingWithOtherAppsUITests;
				PRODUCT_NAME = "$(TARGET_NAME)";
				SWIFT_VERSION = 5.0;
				TARGETED_DEVICE_FAMILY = "1,2";
				TEST_TARGET_NAME = SharingWithOtherApps;
			};
			name = Debug;
		};
		644B0562250398CA00DF9DCA /* Release */ = {
			isa = XCBuildConfiguration;
			buildSettings = {
				ALWAYS_EMBED_SWIFT_STANDARD_LIBRARIES = YES;
				CODE_SIGN_STYLE = Automatic;
				DEVELOPMENT_TEAM = JA3K44V4L9;
				INFOPLIST_FILE = SharingWithOtherAppsUITests/Info.plist;
				LD_RUNPATH_SEARCH_PATHS = (
					"$(inherited)",
					"@executable_path/Frameworks",
					"@loader_path/Frameworks",
				);
				PRODUCT_BUNDLE_IDENTIFIER = ios.appium.SharingWithOtherAppsUITests;
				PRODUCT_NAME = "$(TARGET_NAME)";
				SWIFT_VERSION = 5.0;
				TARGETED_DEVICE_FAMILY = "1,2";
				TEST_TARGET_NAME = SharingWithOtherApps;
			};
			name = Release;
		};
/* End XCBuildConfiguration section */

/* Begin XCConfigurationList section */
		644B052B250398C600DF9DCA /* Build configuration list for PBXProject "SharingWithOtherApps" */ = {
			isa = XCConfigurationList;
			buildConfigurations = (
				644B0558250398CA00DF9DCA /* Debug */,
				644B0559250398CA00DF9DCA /* Release */,
			);
			defaultConfigurationIsVisible = 0;
			defaultConfigurationName = Release;
		};
		644B055A250398CA00DF9DCA /* Build configuration list for PBXNativeTarget "SharingWithOtherApps" */ = {
			isa = XCConfigurationList;
			buildConfigurations = (
				644B055B250398CA00DF9DCA /* Debug */,
				644B055C250398CA00DF9DCA /* Release */,
			);
			defaultConfigurationIsVisible = 0;
			defaultConfigurationName = Release;
		};
		644B055D250398CA00DF9DCA /* Build configuration list for PBXNativeTarget "SharingWithOtherAppsTests" */ = {
			isa = XCConfigurationList;
			buildConfigurations = (
				644B055E250398CA00DF9DCA /* Debug */,
				644B055F250398CA00DF9DCA /* Release */,
			);
			defaultConfigurationIsVisible = 0;
			defaultConfigurationName = Release;
		};
		644B0560250398CA00DF9DCA /* Build configuration list for PBXNativeTarget "SharingWithOtherAppsUITests" */ = {
			isa = XCConfigurationList;
			buildConfigurations = (
				644B0561250398CA00DF9DCA /* Debug */,
				644B0562250398CA00DF9DCA /* Release */,
			);
			defaultConfigurationIsVisible = 0;
			defaultConfigurationName = Release;
		};
/* End XCConfigurationList section */
	};
	rootObject = 644B0528250398C600DF9DCA /* Project object */;
}
